
Microsoft Visual Studio Solution File, Format Version 12.00
# Visual Studio Version 17
VisualStudioVersion = 17.7.34024.191
MinimumVisualStudioVersion = 10.0.40219.1
Project("{8BC9CEB8-8B4A-11D0-8D11-00A0C91BC942}") = "1. Count Real Numbers", "1. Count Real Numbers\1. Count Real Numbers.vcxproj", "{87963DB9-CB15-40F7-8A63-0A0998A705E4}"
EndProject
Project("{8BC9CEB8-8B4A-11D0-8D11-00A0C91BC942}") = "2. Odd Occurrences", "2. Odd Occurrences\2. Odd Occurrences.vcxproj", "{E5FB9E81-12B2-46A1-922E-1D70FF66FF4E}"
EndProject
Project("{8BC9CEB8-8B4A-11D0-8D11-00A0C91BC942}") = "3. Largest 3", "3. Largest 3\3. Largest 3.vcxproj", "{ADCF9BCE-A0DF-40CC-B36B-5637C8ECBC93}"
EndProject
Project("{8BC9CEB8-8B4A-11D0-8D11-00A0C91BC942}") = "4. Short Words", "4. Short Words\4. Short Words.vcxproj", "{A337C5F8-B428-493B-B961-5491791CEBA2}"
EndProject
Project("{8BC9CEB8-8B4A-11D0-8D11-00A0C91BC942}") = "5. Sort Numbers", "5. Sort Numbers\5. Sort Numbers.vcxproj", "{9E766F32-1637-47C4-960C-E23B9B311492}"
EndProject
Project("{8BC9CEB8-8B4A-11D0-8D11-00A0C91BC942}") = "6. Squares", "6. Squares\6. Squares.vcxproj", "{AA261832-DBAE-4547-AD78-D6A1D4D8343C}"
EndProject
Project("{8BC9CEB8-8B4A-11D0-8D11-00A0C91BC942}") = "7. Miners", "7. Miners\7. Miners.vcxproj", "{5430A166-44A4-4B61-9314-675149754388}"
EndProject
Project("{8BC9CEB8-8B4A-11D0-8D11-00A0C91BC942}") = "6.Sqare-multiset", "6.Sqare-multiset\6.Sqare-multiset.vcxproj", "{D516E650-D5A2-4B3F-93C2-D2D0517355B4}"
EndProject
Project("{8BC9CEB8-8B4A-11D0-8D11-00A0C91BC942}") = "7.Miners-2", "7.Miners-2\7.Miners-2.vcxproj", "{8413A479-36A0-4AC4-A9A6-8475F4992522}"
EndProject
Global
	GlobalSection(SolutionConfigurationPlatforms) = preSolution
		Debug|x64 = Debug|x64
		Debug|x86 = Debug|x86
		Release|x64 = Release|x64
		Release|x86 = Release|x86
	EndGlobalSection
	GlobalSection(ProjectConfigurationPlatforms) = postSolution
		{87963DB9-CB15-40F7-8A63-0A0998A705E4}.Debug|x64.ActiveCfg = Debug|x64
		{87963DB9-CB15-40F7-8A63-0A0998A705E4}.Debug|x64.Build.0 = Debug|x64
		{87963DB9-CB15-40F7-8A63-0A0998A705E4}.Debug|x86.ActiveCfg = Debug|Win32
		{87963DB9-CB15-40F7-8A63-0A0998A705E4}.Debug|x86.Build.0 = Debug|Win32
		{87963DB9-CB15-40F7-8A63-0A0998A705E4}.Release|x64.ActiveCfg = Release|x64
		{87963DB9-CB15-40F7-8A63-0A0998A705E4}.Release|x64.Build.0 = Release|x64
		{87963DB9-CB15-40F7-8A63-0A0998A705E4}.Release|x86.ActiveCfg = Release|Win32
		{87963DB9-CB15-40F7-8A63-0A0998A705E4}.Release|x86.Build.0 = Release|Win32
		{E5FB9E81-12B2-46A1-922E-1D70FF66FF4E}.Debug|x64.ActiveCfg = Debug|x64
		{E5FB9E81-12B2-46A1-922E-1D70FF66FF4E}.Debug|x64.Build.0 = Debug|x64
		{E5FB9E81-12B2-46A1-922E-1D70FF66FF4E}.Debug|x86.ActiveCfg = Debug|Win32
		{E5FB9E81-12B2-46A1-922E-1D70FF66FF4E}.Debug|x86.Build.0 = Debug|Win32
		{E5FB9E81-12B2-46A1-922E-1D70FF66FF4E}.Release|x64.ActiveCfg = Release|x64
		{E5FB9E81-12B2-46A1-922E-1D70FF66FF4E}.Release|x64.Build.0 = Release|x64
		{E5FB9E81-12B2-46A1-922E-1D70FF66FF4E}.Release|x86.ActiveCfg = Release|Win32
		{E5FB9E81-12B2-46A1-922E-1D70FF66FF4E}.Release|x86.Build.0 = Release|Win32
		{ADCF9BCE-A0DF-40CC-B36B-5637C8ECBC93}.Debug|x64.ActiveCfg = Debug|x64
		{ADCF9BCE-A0DF-40CC-B36B-5637C8ECBC93}.Debug|x64.Build.0 = Debug|x64
		{ADCF9BCE-A0DF-40CC-B36B-5637C8ECBC93}.Debug|x86.ActiveCfg = Debug|Win32
		{ADCF9BCE-A0DF-40CC-B36B-5637C8ECBC93}.Debug|x86.Build.0 = Debug|Win32
		{ADCF9BCE-A0DF-40CC-B36B-5637C8ECBC93}.Release|x64.ActiveCfg = Release|x64
		{ADCF9BCE-A0DF-40CC-B36B-5637C8ECBC93}.Release|x64.Build.0 = Release|x64
		{ADCF9BCE-A0DF-40CC-B36B-5637C8ECBC93}.Release|x86.ActiveCfg = Release|Win32
		{ADCF9BCE-A0DF-40CC-B36B-5637C8ECBC93}.Release|x86.Build.0 = Release|Win32
		{A337C5F8-B428-493B-B961-5491791CEBA2}.Debug|x64.ActiveCfg = Debug|x64
		{A337C5F8-B428-493B-B961-5491791CEBA2}.Debug|x64.Build.0 = Debug|x64
		{A337C5F8-B428-493B-B961-5491791CEBA2}.Debug|x86.ActiveCfg = Debug|Win32
		{A337C5F8-B428-493B-B961-5491791CEBA2}.Debug|x86.Build.0 = Debug|Win32
		{A337C5F8-B428-493B-B961-5491791CEBA2}.Release|x64.ActiveCfg = Release|x64
		{A337C5F8-B428-493B-B961-5491791CEBA2}.Release|x64.Build.0 = Release|x64
		{A337C5F8-B428-493B-B961-5491791CEBA2}.Release|x86.ActiveCfg = Release|Win32
		{A337C5F8-B428-493B-B961-5491791CEBA2}.Release|x86.Build.0 = Release|Win32
		{9E766F32-1637-47C4-960C-E23B9B311492}.Debug|x64.ActiveCfg = Debug|x64
		{9E766F32-1637-47C4-960C-E23B9B311492}.Debug|x64.Build.0 = Debug|x64
		{9E766F32-1637-47C4-960C-E23B9B311492}.Debug|x86.ActiveCfg = Debug|Win32
		{9E766F32-1637-47C4-960C-E23B9B311492}.Debug|x86.Build.0 = Debug|Win32
		{9E766F32-1637-47C4-960C-E23B9B311492}.Release|x64.ActiveCfg = Release|x64
		{9E766F32-1637-47C4-960C-E23B9B311492}.Release|x64.Build.0 = Release|x64
		{9E766F32-1637-47C4-960C-E23B9B311492}.Release|x86.ActiveCfg = Release|Win32
		{9E766F32-1637-47C4-960C-E23B9B311492}.Release|x86.Build.0 = Release|Win32
		{AA261832-DBAE-4547-AD78-D6A1D4D8343C}.Debug|x64.ActiveCfg = Debug|x64
		{AA261832-DBAE-4547-AD78-D6A1D4D8343C}.Debug|x64.Build.0 = Debug|x64
		{AA261832-DBAE-4547-AD78-D6A1D4D8343C}.Debug|x86.ActiveCfg = Debug|Win32
		{AA261832-DBAE-4547-AD78-D6A1D4D8343C}.Debug|x86.Build.0 = Debug|Win32
		{AA261832-DBAE-4547-AD78-D6A1D4D8343C}.Release|x64.ActiveCfg = Release|x64
		{AA261832-DBAE-4547-AD78-D6A1D4D8343C}.Release|x64.Build.0 = Release|x64
		{AA261832-DBAE-4547-AD78-D6A1D4D8343C}.Release|x86.ActiveCfg = Release|Win32
		{AA261832-DBAE-4547-AD78-D6A1D4D8343C}.Release|x86.Build.0 = Release|Win32
		{5430A166-44A4-4B61-9314-675149754388}.Debug|x64.ActiveCfg = Debug|x64
		{5430A166-44A4-4B61-9314-675149754388}.Debug|x64.Build.0 = Debug|x64
		{5430A166-44A4-4B61-9314-675149754388}.Debug|x86.ActiveCfg = Debug|Win32
		{5430A166-44A4-4B61-9314-675149754388}.Debug|x86.Build.0 = Debug|Win32
		{5430A166-44A4-4B61-9314-675149754388}.Release|x64.ActiveCfg = Release|x64
		{5430A166-44A4-4B61-9314-675149754388}.Release|x64.Build.0 = Release|x64
		{5430A166-44A4-4B61-9314-675149754388}.Release|x86.ActiveCfg = Release|Win32
		{5430A166-44A4-4B61-9314-675149754388}.Release|x86.Build.0 = Release|Win32
		{D516E650-D5A2-4B3F-93C2-D2D0517355B4}.Debug|x64.ActiveCfg = Debug|x64
		{D516E650-D5A2-4B3F-93C2-D2D0517355B4}.Debug|x64.Build.0 = Debug|x64
		{D516E650-D5A2-4B3F-93C2-D2D0517355B4}.Debug|x86.ActiveCfg = Debug|Win32
		{D516E650-D5A2-4B3F-93C2-D2D0517355B4}.Debug|x86.Build.0 = Debug|Win32
		{D516E650-D5A2-4B3F-93C2-D2D0517355B4}.Release|x64.ActiveCfg = Release|x64
		{D516E650-D5A2-4B3F-93C2-D2D0517355B4}.Release|x64.Build.0 = Release|x64
		{D516E650-D5A2-4B3F-93C2-D2D0517355B4}.Release|x86.ActiveCfg = Release|Win32
		{D516E650-D5A2-4B3F-93C2-D2D0517355B4}.Release|x86.Build.0 = Release|Win32
		{8413A479-36A0-4AC4-A9A6-8475F4992522}.Debug|x64.ActiveCfg = Debug|x64
		{8413A479-36A0-4AC4-A9A6-8475F4992522}.Debug|x64.Build.0 = Debug|x64
		{8413A479-36A0-4AC4-A9A6-8475F4992522}.Debug|x86.ActiveCfg = Debug|Win32
		{8413A479-36A0-4AC4-A9A6-8475F4992522}.Debug|x86.Build.0 = Debug|Win32
		{8413A479-36A0-4AC4-A9A6-8475F4992522}.Release|x64.ActiveCfg = Release|x64
		{8413A479-36A0-4AC4-A9A6-8475F4992522}.Release|x64.Build.0 = Release|x64
		{8413A479-36A0-4AC4-A9A6-8475F4992522}.Release|x86.ActiveCfg = Release|Win32
		{8413A479-36A0-4AC4-A9A6-8475F4992522}.Release|x86.Build.0 = Release|Win32
	EndGlobalSection
	GlobalSection(SolutionProperties) = preSolution
		HideSolutionNode = FALSE
	EndGlobalSection
	GlobalSection(ExtensibilityGlobals) = postSolution
		SolutionGuid = {34322092-6FBE-4501-A9E7-901062E7D983}
	EndGlobalSection
EndGlobal
